// !$*UTF8*$!
{
	archiveVersion = 1;
	classes = {
	};
	objectVersion = 46;
	objects = {

/* Begin PBXBuildFile section */
		A58889DB1A8BBD1700E375A2 /* AppDelegate.swift in Sources */ = {isa = PBXBuildFile; fileRef = A58889DA1A8BBD1700E375A2 /* AppDelegate.swift */; };
		A58889DD1A8BBD1700E375A2 /* ViewController.swift in Sources */ = {isa = PBXBuildFile; fileRef = A58889DC1A8BBD1700E375A2 /* ViewController.swift */; };
		A58889E01A8BBD1700E375A2 /* Main.storyboard in Resources */ = {isa = PBXBuildFile; fileRef = A58889DE1A8BBD1700E375A2 /* Main.storyboard */; };
		A58889E21A8BBD1700E375A2 /* Images.xcassets in Resources */ = {isa = PBXBuildFile; fileRef = A58889E11A8BBD1700E375A2 /* Images.xcassets */; };
		A58889E51A8BBD1700E375A2 /* LaunchScreen.xib in Resources */ = {isa = PBXBuildFile; fileRef = A58889E31A8BBD1700E375A2 /* LaunchScreen.xib */; };
		A58889F11A8BBD1700E375A2 /* D3JsonTests.swift in Sources */ = {isa = PBXBuildFile; fileRef = A58889F01A8BBD1700E375A2 /* D3JsonTests.swift */; };
		A58889FF1A8BBDE800E375A2 /* D3json.swift in Sources */ = {isa = PBXBuildFile; fileRef = A58889FE1A8BBDE800E375A2 /* D3json.swift */; };
/* End PBXBuildFile section */

/* Begin PBXContainerItemProxy section */
		A58889EB1A8BBD1700E375A2 /* PBXContainerItemProxy */ = {
			isa = PBXContainerItemProxy;
			containerPortal = A58889CD1A8BBD1700E375A2 /* Project object */;
			proxyType = 1;
			remoteGlobalIDString = A58889D41A8BBD1700E375A2;
			remoteInfo = D3Json;
		};
/* End PBXContainerItemProxy section */

/* Begin PBXFileReference section */
		A58889D51A8BBD1700E375A2 /* D3Json.app */ = {isa = PBXFileReference; explicitFileType = wrapper.application; includeInIndex = 0; path = D3Json.app; sourceTree = BUILT_PRODUCTS_DIR; };
		A58889D91A8BBD1700E375A2 /* Info.plist */ = {isa = PBXFileReference; lastKnownFileType = text.plist.xml; path = Info.plist; sourceTree = "<group>"; };
		A58889DA1A8BBD1700E375A2 /* AppDelegate.swift */ = {isa = PBXFileReference; lastKnownFileType = sourcecode.swift; path = AppDelegate.swift; sourceTree = "<group>"; };
		A58889DC1A8BBD1700E375A2 /* ViewController.swift */ = {isa = PBXFileReference; lastKnownFileType = sourcecode.swift; path = ViewController.swift; sourceTree = "<group>"; };
		A58889DF1A8BBD1700E375A2 /* Base */ = {isa = PBXFileReference; lastKnownFileType = file.storyboard; name = Base; path = Base.lproj/Main.storyboard; sourceTree = "<group>"; };
		A58889E11A8BBD1700E375A2 /* Images.xcassets */ = {isa = PBXFileReference; lastKnownFileType = folder.assetcatalog; path = Images.xcassets; sourceTree = "<group>"; };
		A58889E41A8BBD1700E375A2 /* Base */ = {isa = PBXFileReference; lastKnownFileType = file.xib; name = Base; path = Base.lproj/LaunchScreen.xib; sourceTree = "<group>"; };
		A58889EA1A8BBD1700E375A2 /* D3JsonTests.xctest */ = {isa = PBXFileReference; explicitFileType = wrapper.cfbundle; includeInIndex = 0; path = D3JsonTests.xctest; sourceTree = BUILT_PRODUCTS_DIR; };
		A58889EF1A8BBD1700E375A2 /* Info.plist */ = {isa = PBXFileReference; lastKnownFileType = text.plist.xml; path = Info.plist; sourceTree = "<group>"; };
		A58889F01A8BBD1700E375A2 /* D3JsonTests.swift */ = {isa = PBXFileReference; lastKnownFileType = sourcecode.swift; path = D3JsonTests.swift; sourceTree = "<group>"; };
		A58889FE1A8BBDE800E375A2 /* D3json.swift */ = {isa = PBXFileReference; fileEncoding = 4; lastKnownFileType = sourcecode.swift; path = D3json.swift; sourceTree = "<group>"; };
/* End PBXFileReference section */

/* Begin PBXFrameworksBuildPhase section */
		A58889D21A8BBD1700E375A2 /* Frameworks */ = {
			isa = PBXFrameworksBuildPhase;
			buildActionMask = 2147483647;
			files = (
			);
			runOnlyForDeploymentPostprocessing = 0;
		};
		A58889E71A8BBD1700E375A2 /* Frameworks */ = {
			isa = PBXFrameworksBuildPhase;
			buildActionMask = 2147483647;
			files = (
			);
			runOnlyForDeploymentPostprocessing = 0;
		};
/* End PBXFrameworksBuildPhase section */

/* Begin PBXGroup section */
		A58889CC1A8BBD1700E375A2 = {
			isa = PBXGroup;
			children = (
				A58889D71A8BBD1700E375A2 /* D3Json */,
				A58889ED1A8BBD1700E375A2 /* D3JsonTests */,
				A58889D61A8BBD1700E375A2 /* Products */,
			);
			sourceTree = "<group>";
		};
		A58889D61A8BBD1700E375A2 /* Products */ = {
			isa = PBXGroup;
			children = (
				A58889D51A8BBD1700E375A2 /* D3Json.app */,
				A58889EA1A8BBD1700E375A2 /* D3JsonTests.xctest */,
			);
			name = Products;
			sourceTree = "<group>";
		};
		A58889D71A8BBD1700E375A2 /* D3Json */ = {
			isa = PBXGroup;
			children = (
				A58889DA1A8BBD1700E375A2 /* AppDelegate.swift */,
				A58889DC1A8BBD1700E375A2 /* ViewController.swift */,
				A58889DE1A8BBD1700E375A2 /* Main.storyboard */,
				A58889E11A8BBD1700E375A2 /* Images.xcassets */,
				A58889E31A8BBD1700E375A2 /* LaunchScreen.xib */,
				A58889D81A8BBD1700E375A2 /* Supporting Files */,
			);
			path = D3Json;
			sourceTree = "<group>";
		};
		A58889D81A8BBD1700E375A2 /* Supporting Files */ = {
			isa = PBXGroup;
			children = (
				A58889D91A8BBD1700E375A2 /* Info.plist */,
			);
			name = "Supporting Files";
			sourceTree = "<group>";
		};
		A58889ED1A8BBD1700E375A2 /* D3JsonTests */ = {
			isa = PBXGroup;
			children = (
				A58889FD1A8BBDE800E375A2 /* D3json */,
				A58889F01A8BBD1700E375A2 /* D3JsonTests.swift */,
				A58889EE1A8BBD1700E375A2 /* Supporting Files */,
			);
			path = D3JsonTests;
			sourceTree = "<group>";
		};
		A58889EE1A8BBD1700E375A2 /* Supporting Files */ = {
			isa = PBXGroup;
			children = (
				A58889EF1A8BBD1700E375A2 /* Info.plist */,
			);
			name = "Supporting Files";
			sourceTree = "<group>";
		};
		A58889FD1A8BBDE800E375A2 /* D3json */ = {
			isa = PBXGroup;
			children = (
				A58889FE1A8BBDE800E375A2 /* D3json.swift */,
			);
			path = D3json;
			sourceTree = "<group>";
		};
/* End PBXGroup section */

/* Begin PBXNativeTarget section */
		A58889D41A8BBD1700E375A2 /* D3Json */ = {
			isa = PBXNativeTarget;
			buildConfigurationList = A58889F41A8BBD1700E375A2 /* Build configuration list for PBXNativeTarget "D3Json" */;
			buildPhases = (
				A58889D11A8BBD1700E375A2 /* Sources */,
				A58889D21A8BBD1700E375A2 /* Frameworks */,
				A58889D31A8BBD1700E375A2 /* Resources */,
			);
			buildRules = (
			);
			dependencies = (
			);
			name = D3Json;
			productName = D3Json;
			productReference = A58889D51A8BBD1700E375A2 /* D3Json.app */;
			productType = "com.apple.product-type.application";
		};
		A58889E91A8BBD1700E375A2 /* D3JsonTests */ = {
			isa = PBXNativeTarget;
			buildConfigurationList = A58889F71A8BBD1700E375A2 /* Build configuration list for PBXNativeTarget "D3JsonTests" */;
			buildPhases = (
				A58889E61A8BBD1700E375A2 /* Sources */,
				A58889E71A8BBD1700E375A2 /* Frameworks */,
				A58889E81A8BBD1700E375A2 /* Resources */,
			);
			buildRules = (
			);
			dependencies = (
				A58889EC1A8BBD1700E375A2 /* PBXTargetDependency */,
			);
			name = D3JsonTests;
			productName = D3JsonTests;
			productReference = A58889EA1A8BBD1700E375A2 /* D3JsonTests.xctest */;
			productType = "com.apple.product-type.bundle.unit-test";
		};
/* End PBXNativeTarget section */

/* Begin PBXProject section */
		A58889CD1A8BBD1700E375A2 /* Project object */ = {
			isa = PBXProject;
			attributes = {
				LastUpgradeCheck = 0610;
				ORGANIZATIONNAME = mozhenhau;
				TargetAttributes = {
					A58889D41A8BBD1700E375A2 = {
						CreatedOnToolsVersion = 6.1.1;
					};
					A58889E91A8BBD1700E375A2 = {
						CreatedOnToolsVersion = 6.1.1;
						TestTargetID = A58889D41A8BBD1700E375A2;
					};
				};
			};
			buildConfigurationList = A58889D01A8BBD1700E375A2 /* Build configuration list for PBXProject "D3Json" */;
			compatibilityVersion = "Xcode 3.2";
			developmentRegion = English;
			hasScannedForEncodings = 0;
			knownRegions = (
				en,
				Base,
			);
			mainGroup = A58889CC1A8BBD1700E375A2;
			productRefGroup = A58889D61A8BBD1700E375A2 /* Products */;
			projectDirPath = "";
			projectRoot = "";
			targets = (
				A58889D41A8BBD1700E375A2 /* D3Json */,
				A58889E91A8BBD1700E375A2 /* D3JsonTests */,
			);
		};
/* End PBXProject section */

/* Begin PBXResourcesBuildPhase section */
		A58889D31A8BBD1700E375A2 /* Resources */ = {
			isa = PBXResourcesBuildPhase;
			buildActionMask = 2147483647;
			files = (
				A58889E01A8BBD1700E375A2 /* Main.storyboard in Resources */,
				A58889E51A8BBD1700E375A2 /* LaunchScreen.xib in Resources */,
				A58889E21A8BBD1700E375A2 /* Images.xcassets in Resources */,
			);
			runOnlyForDeploymentPostprocessing = 0;
		};
		A58889E81A8BBD1700E375A2 /* Resources */ = {
			isa = PBXResourcesBuildPhase;
			buildActionMask = 2147483647;
			files = (
			);
			runOnlyForDeploymentPostprocessing = 0;
		};
/* End PBXResourcesBuildPhase section */

/* Begin PBXSourcesBuildPhase section */
		A58889D11A8BBD1700E375A2 /* Sources */ = {
			isa = PBXSourcesBuildPhase;
			buildActionMask = 2147483647;
			files = (
				A58889DD1A8BBD1700E375A2 /* ViewController.swift in Sources */,
				A58889DB1A8BBD1700E375A2 /* AppDelegate.swift in Sources */,
			);
			runOnlyForDeploymentPostprocessing = 0;
		};
		A58889E61A8BBD1700E375A2 /* Sources */ = {
			isa = PBXSourcesBuildPhase;
			buildActionMask = 2147483647;
			files = (
				A58889FF1A8BBDE800E375A2 /* D3json.swift in Sources */,
				A58889F11A8BBD1700E375A2 /* D3JsonTests.swift in Sources */,
			);
			runOnlyForDeploymentPostprocessing = 0;
		};
/* End PBXSourcesBuildPhase section */

/* Begin PBXTargetDependency section */
		A58889EC1A8BBD1700E375A2 /* PBXTargetDependency */ = {
			isa = PBXTargetDependency;
			target = A58889D41A8BBD1700E375A2 /* D3Json */;
			targetProxy = A58889EB1A8BBD1700E375A2 /* PBXContainerItemProxy */;
		};
/* End PBXTargetDependency section */

/* Begin PBXVariantGroup section */
		A58889DE1A8BBD1700E375A2 /* Main.storyboard */ = {
			isa = PBXVariantGroup;
			children = (
				A58889DF1A8BBD1700E375A2 /* Base */,
			);
			name = Main.storyboard;
			sourceTree = "<group>";
		};
		A58889E31A8BBD1700E375A2 /* LaunchScreen.xib */ = {
			isa = PBXVariantGroup;
			children = (
				A58889E41A8BBD1700E375A2 /* Base */,
			);
			name = LaunchScreen.xib;
			sourceTree = "<group>";
		};
/* End PBXVariantGroup section */

/* Begin XCBuildConfiguration section */
		A58889F21A8BBD1700E375A2 /* Debug */ = {
			isa = XCBuildConfiguration;
			buildSettings = {
				ALWAYS_SEARCH_USER_PATHS = NO;
				CLANG_CXX_LANGUAGE_STANDARD = "gnu++0x";
				CLANG_CXX_LIBRARY = "libc++";
				CLANG_ENABLE_MODULES = YES;
				CLANG_ENABLE_OBJC_ARC = YES;
				CLANG_WARN_BOOL_CONVERSION = YES;
				CLANG_WARN_CONSTANT_CONVERSION = YES;
				CLANG_WARN_DIRECT_OBJC_ISA_USAGE = YES_ERROR;
				CLANG_WARN_EMPTY_BODY = YES;
				CLANG_WARN_ENUM_CONVERSION = YES;
				CLANG_WARN_INT_CONVERSION = YES;
				CLANG_WARN_OBJC_ROOT_CLASS = YES_ERROR;
				CLANG_WARN_UNREACHABLE_CODE = YES;
				CLANG_WARN__DUPLICATE_METHOD_MATCH = YES;
				"CODE_SIGN_IDENTITY[sdk=iphoneos*]" = "iPhone Developer";
				COPY_PHASE_STRIP = NO;
				ENABLE_STRICT_OBJC_MSGSEND = YES;
				GCC_C_LANGUAGE_STANDARD = gnu99;
				GCC_DYNAMIC_NO_PIC = NO;
				GCC_OPTIMIZATION_LEVEL = 0;
				GCC_PREPROCESSOR_DEFINITIONS = (
					"DEBUG=1",
					"$(inherited)",
				);
				GCC_SYMBOLS_PRIVATE_EXTERN = NO;
				GCC_WARN_64_TO_32_BIT_CONVERSION = YES;
				GCC_WARN_ABOUT_RETURN_TYPE = YES_ERROR;
				GCC_WARN_UNDECLARED_SELECTOR = YES;
				GCC_WARN_UNINITIALIZED_AUTOS = YES_AGGRESSIVE;
				GCC_WARN_UNUSED_FUNCTION = YES;
				GCC_WARN_UNUSED_VARIABLE = YES;
				IPHONEOS_DEPLOYMENT_TARGET = 8.1;
				MTL_ENABLE_DEBUG_INFO = YES;
				ONLY_ACTIVE_ARCH = YES;
				SDKROOT = iphoneos;
				SWIFT_OPTIMIZATION_LEVEL = "-Onone";
			};
			name = Debug;
		};
		A58889F31A8BBD1700E375A2 /* Release */ = {
			isa = XCBuildConfiguration;
			buildSettings = {
				ALWAYS_SEARCH_USER_PATHS = NO;
				CLANG_CXX_LANGUAGE_STANDARD = "gnu++0x";
				CLANG_CXX_LIBRARY = "libc++";
				CLANG_ENABLE_MODULES = YES;
				CLANG_ENABLE_OBJC_ARC = YES;
				CLANG_WARN_BOOL_CONVERSION = YES;
				CLANG_WARN_CONSTANT_CONVERSION = YES;
				CLANG_WARN_DIRECT_OBJC_ISA_USAGE = YES_ERROR;
				CLANG_WARN_EMPTY_BODY = YES;
				CLANG_WARN_ENUM_CONVERSION = YES;
				CLANG_WARN_INT_CONVERSION = YES;
				CLANG_WARN_OBJC_ROOT_CLASS = YES_ERROR;
				CLANG_WARN_UNREACHABLE_CODE = YES;
				CLANG_WARN__DUPLICATE_METHOD_MATCH = YES;
				"CODE_SIGN_IDENTITY[sdk=iphoneos*]" = "iPhone Developer";
				COPY_PHASE_STRIP = YES;
				ENABLE_NS_ASSERTIONS = NO;
				ENABLE_STRICT_OBJC_MSGSEND = YES;
				GCC_C_LANGUAGE_STANDARD = gnu99;
				GCC_WARN_64_TO_32_BIT_CONVERSION = YES;
				GCC_WARN_ABOUT_RETURN_TYPE = YES_ERROR;
				GCC_WARN_UNDECLARED_SELECTOR = YES;
				GCC_WARN_UNINITIALIZED_AUTOS = YES_AGGRESSIVE;
				GCC_WARN_UNUSED_FUNCTION = YES;
				GCC_WARN_UNUSED_VARIABLE = YES;
				IPHONEOS_DEPLOYMENT_TARGET = 8.1;
				MTL_ENABLE_DEBUG_INFO = NO;
				SDKROOT = iphoneos;
				VALIDATE_PRODUCT = YES;
			};
			name = Release;
		};
		A58889F51A8BBD1700E375A2 /* Debug */ = {
			isa = XCBuildConfiguration;
			buildSettings = {
				ASSETCATALOG_COMPILER_APPICON_NAME = AppIcon;
				INFOPLIST_FILE = D3Json/Info.plist;
				LD_RUNPATH_SEARCH_PATHS = "$(inherited) @executable_path/Frameworks";
				PRODUCT_NAME = "$(TARGET_NAME)";
			};
			name = Debug;
		};
		A58889F61A8BBD1700E375A2 /* Release */ = {
			isa = XCBuildConfiguration;
			buildSettings = {
				ASSETCATALOG_COMPILER_APPICON_NAME = AppIcon;
				INFOPLIST_FILE = D3Json/Info.plist;
				LD_RUNPATH_SEARCH_PATHS = "$(inherited) @executable_path/Frameworks";
				PRODUCT_NAME = "$(TARGET_NAME)";
			};
			name = Release;
		};
		A58889F81A8BBD1700E375A2 /* Debug */ = {
			isa = XCBuildConfiguration;
			buildSettings = {
				BUNDLE_LOADER = "$(TEST_HOST)";
				FRAMEWORK_SEARCH_PATHS = (
					"$(SDKROOT)/Developer/Library/Frameworks",
					"$(inherited)",
				);
				GCC_PREPROCESSOR_DEFINITIONS = (
					"DEBUG=1",
					"$(inherited)",
				);
				INFOPLIST_FILE = D3JsonTests/Info.plist;
				LD_RUNPATH_SEARCH_PATHS = "$(inherited) @executable_path/Frameworks @loader_path/Frameworks";
				PRODUCT_NAME = "$(TARGET_NAME)";
				TEST_HOST = "$(BUILT_PRODUCTS_DIR)/D3Json.app/D3Json";
			};
			name = Debug;
		};
		A58889F91A8BBD1700E375A2 /* Release */ = {
			isa = XCBuildConfiguration;
			buildSettings = {
				BUNDLE_LOADER = "$(TEST_HOST)";
				FRAMEWORK_SEARCH_PATHS = (
					"$(SDKROOT)/Developer/Library/Frameworks",
					"$(inherited)",
				);
				INFOPLIST_FILE = D3JsonTests/Info.plist;
				LD_RUNPATH_SEARCH_PATHS = "$(inherited) @executable_path/Frameworks @loader_path/Frameworks";
				PRODUCT_NAME = "$(TARGET_NAME)";
				TEST_HOST = "$(BUILT_PRODUCTS_DIR)/D3Json.app/D3Json";
			};
			name = Release;
		};
/* End XCBuildConfiguration section */

/* Begin XCConfigurationList section */
		A58889D01A8BBD1700E375A2 /* Build configuration list for PBXProject "D3Json" */ = {
			isa = XCConfigurationList;
			buildConfigurations = (
				A58889F21A8BBD1700E375A2 /* Debug */,
				A58889F31A8BBD1700E375A2 /* Release */,
			);
			defaultConfigurationIsVisible = 0;
			defaultConfigurationName = Release;
		};
		A58889F41A8BBD1700E375A2 /* Build configuration list for PBXNativeTarget "D3Json" */ = {
			isa = XCConfigurationList;
			buildConfigurations = (
				A58889F51A8BBD1700E375A2 /* Debug */,
				A58889F61A8BBD1700E375A2 /* Release */,
			);
			defaultConfigurationIsVisible = 0;
		};
		A58889F71A8BBD1700E375A2 /* Build configuration list for PBXNativeTarget "D3JsonTests" */ = {
			isa = XCConfigurationList;
			buildConfigurations = (
				A58889F81A8BBD1700E375A2 /* Debug */,
				A58889F91A8BBD1700E375A2 /* Release */,
			);
			defaultConfigurationIsVisible = 0;
		};
/* End XCConfigurationList section */
	};
	rootObject = A58889CD1A8BBD1700E375A2 /* Project object */;
}
