// !$*UTF8*$!
{
	archiveVersion = 1;
	classes = {
	};
	objectVersion = 46;
	objects = {

/* Begin PBXBuildFile section */
		16D6429F1B8D9EB700C6F834 /* AppDelegate.swift in Sources */ = {isa = PBXBuildFile; fileRef = 16D6429E1B8D9EB700C6F834 /* AppDelegate.swift */; };
		16D642A11B8D9EB700C6F834 /* ViewController.swift in Sources */ = {isa = PBXBuildFile; fileRef = 16D642A01B8D9EB700C6F834 /* ViewController.swift */; };
		16D642A41B8D9EB700C6F834 /* Main.storyboard in Resources */ = {isa = PBXBuildFile; fileRef = 16D642A21B8D9EB700C6F834 /* Main.storyboard */; };
		16D642A91B8D9EB700C6F834 /* LaunchScreen.xib in Resources */ = {isa = PBXBuildFile; fileRef = 16D642A71B8D9EB700C6F834 /* LaunchScreen.xib */; };
		16D642B51B8D9EB700C6F834 /* D3JsonTests.swift in Sources */ = {isa = PBXBuildFile; fileRef = 16D642B41B8D9EB700C6F834 /* D3JsonTests.swift */; };
		16D642BF1B8D9EF500C6F834 /* D3Json.swift in Sources */ = {isa = PBXBuildFile; fileRef = 16D642BE1B8D9EF500C6F834 /* D3Json.swift */; };
		A5F5E54D1BB449F00079FEB5 /* ObjectUtil.m in Sources */ = {isa = PBXBuildFile; fileRef = A5F5E54C1BB449F00079FEB5 /* ObjectUtil.m */; settings = {ASSET_TAGS = (); }; };
/* End PBXBuildFile section */

/* Begin PBXContainerItemProxy section */
		16D642AF1B8D9EB700C6F834 /* PBXContainerItemProxy */ = {
			isa = PBXContainerItemProxy;
			containerPortal = 16D642911B8D9EB700C6F834 /* Project object */;
			proxyType = 1;
			remoteGlobalIDString = 16D642981B8D9EB700C6F834;
			remoteInfo = D3Json;
		};
/* End PBXContainerItemProxy section */

/* Begin PBXFileReference section */
		16D642991B8D9EB700C6F834 /* D3Json.app */ = {isa = PBXFileReference; explicitFileType = wrapper.application; includeInIndex = 0; path = D3Json.app; sourceTree = BUILT_PRODUCTS_DIR; };
		16D6429D1B8D9EB700C6F834 /* Info.plist */ = {isa = PBXFileReference; lastKnownFileType = text.plist.xml; path = Info.plist; sourceTree = "<group>"; };
		16D6429E1B8D9EB700C6F834 /* AppDelegate.swift */ = {isa = PBXFileReference; lastKnownFileType = sourcecode.swift; path = AppDelegate.swift; sourceTree = "<group>"; };
		16D642A01B8D9EB700C6F834 /* ViewController.swift */ = {isa = PBXFileReference; lastKnownFileType = sourcecode.swift; path = ViewController.swift; sourceTree = "<group>"; };
		16D642A31B8D9EB700C6F834 /* Base */ = {isa = PBXFileReference; lastKnownFileType = file.storyboard; name = Base; path = Base.lproj/Main.storyboard; sourceTree = "<group>"; };
		16D642A81B8D9EB700C6F834 /* Base */ = {isa = PBXFileReference; lastKnownFileType = file.xib; name = Base; path = Base.lproj/LaunchScreen.xib; sourceTree = "<group>"; };
		16D642AE1B8D9EB700C6F834 /* D3JsonTests.xctest */ = {isa = PBXFileReference; explicitFileType = wrapper.cfbundle; includeInIndex = 0; path = D3JsonTests.xctest; sourceTree = BUILT_PRODUCTS_DIR; };
		16D642B31B8D9EB700C6F834 /* Info.plist */ = {isa = PBXFileReference; lastKnownFileType = text.plist.xml; path = Info.plist; sourceTree = "<group>"; };
		16D642B41B8D9EB700C6F834 /* D3JsonTests.swift */ = {isa = PBXFileReference; lastKnownFileType = sourcecode.swift; path = D3JsonTests.swift; sourceTree = "<group>"; };
		16D642BE1B8D9EF500C6F834 /* D3Json.swift */ = {isa = PBXFileReference; fileEncoding = 4; lastKnownFileType = sourcecode.swift; path = D3Json.swift; sourceTree = "<group>"; };
		A5F5E54A1BB449EF0079FEB5 /* D3Json-Bridging-Header.h */ = {isa = PBXFileReference; lastKnownFileType = sourcecode.c.h; path = "D3Json-Bridging-Header.h"; sourceTree = "<group>"; };
		A5F5E54B1BB449F00079FEB5 /* ObjectUtil.h */ = {isa = PBXFileReference; fileEncoding = 4; lastKnownFileType = sourcecode.c.h; path = ObjectUtil.h; sourceTree = "<group>"; };
		A5F5E54C1BB449F00079FEB5 /* ObjectUtil.m */ = {isa = PBXFileReference; fileEncoding = 4; lastKnownFileType = sourcecode.c.objc; path = ObjectUtil.m; sourceTree = "<group>"; };
/* End PBXFileReference section */

/* Begin PBXFrameworksBuildPhase section */
		16D642961B8D9EB700C6F834 /* Frameworks */ = {
			isa = PBXFrameworksBuildPhase;
			buildActionMask = 2147483647;
			files = (
			);
			runOnlyForDeploymentPostprocessing = 0;
		};
		16D642AB1B8D9EB700C6F834 /* Frameworks */ = {
			isa = PBXFrameworksBuildPhase;
			buildActionMask = 2147483647;
			files = (
			);
			runOnlyForDeploymentPostprocessing = 0;
		};
/* End PBXFrameworksBuildPhase section */

/* Begin PBXGroup section */
		16D642901B8D9EB700C6F834 = {
			isa = PBXGroup;
			children = (
				16D6429B1B8D9EB700C6F834 /* D3Json */,
				16D642B11B8D9EB700C6F834 /* D3JsonTests */,
				16D6429A1B8D9EB700C6F834 /* Products */,
			);
			sourceTree = "<group>";
		};
		16D6429A1B8D9EB700C6F834 /* Products */ = {
			isa = PBXGroup;
			children = (
				16D642991B8D9EB700C6F834 /* D3Json.app */,
				16D642AE1B8D9EB700C6F834 /* D3JsonTests.xctest */,
			);
			name = Products;
			sourceTree = "<group>";
		};
		16D6429B1B8D9EB700C6F834 /* D3Json */ = {
			isa = PBXGroup;
			children = (
				16D642BE1B8D9EF500C6F834 /* D3Json.swift */,
				16D6429E1B8D9EB700C6F834 /* AppDelegate.swift */,
				16D642A01B8D9EB700C6F834 /* ViewController.swift */,
				16D642A21B8D9EB700C6F834 /* Main.storyboard */,
				16D642A71B8D9EB700C6F834 /* LaunchScreen.xib */,
				16D6429C1B8D9EB700C6F834 /* Supporting Files */,
				A5F5E54B1BB449F00079FEB5 /* ObjectUtil.h */,
				A5F5E54C1BB449F00079FEB5 /* ObjectUtil.m */,
				A5F5E54A1BB449EF0079FEB5 /* D3Json-Bridging-Header.h */,
			);
			path = D3Json;
			sourceTree = "<group>";
		};
		16D6429C1B8D9EB700C6F834 /* Supporting Files */ = {
			isa = PBXGroup;
			children = (
				16D6429D1B8D9EB700C6F834 /* Info.plist */,
			);
			name = "Supporting Files";
			sourceTree = "<group>";
		};
		16D642B11B8D9EB700C6F834 /* D3JsonTests */ = {
			isa = PBXGroup;
			children = (
				16D642B41B8D9EB700C6F834 /* D3JsonTests.swift */,
				16D642B21B8D9EB700C6F834 /* Supporting Files */,
			);
			path = D3JsonTests;
			sourceTree = "<group>";
		};
		16D642B21B8D9EB700C6F834 /* Supporting Files */ = {
			isa = PBXGroup;
			children = (
				16D642B31B8D9EB700C6F834 /* Info.plist */,
			);
			name = "Supporting Files";
			sourceTree = "<group>";
		};
/* End PBXGroup section */

/* Begin PBXNativeTarget section */
		16D642981B8D9EB700C6F834 /* D3Json */ = {
			isa = PBXNativeTarget;
			buildConfigurationList = 16D642B81B8D9EB700C6F834 /* Build configuration list for PBXNativeTarget "D3Json" */;
			buildPhases = (
				16D642951B8D9EB700C6F834 /* Sources */,
				16D642961B8D9EB700C6F834 /* Frameworks */,
				16D642971B8D9EB700C6F834 /* Resources */,
			);
			buildRules = (
			);
			dependencies = (
			);
			name = D3Json;
			productName = D3Json;
			productReference = 16D642991B8D9EB700C6F834 /* D3Json.app */;
			productType = "com.apple.product-type.application";
		};
		16D642AD1B8D9EB700C6F834 /* D3JsonTests */ = {
			isa = PBXNativeTarget;
			buildConfigurationList = 16D642BB1B8D9EB700C6F834 /* Build configuration list for PBXNativeTarget "D3JsonTests" */;
			buildPhases = (
				16D642AA1B8D9EB700C6F834 /* Sources */,
				16D642AB1B8D9EB700C6F834 /* Frameworks */,
				16D642AC1B8D9EB700C6F834 /* Resources */,
			);
			buildRules = (
			);
			dependencies = (
				16D642B01B8D9EB700C6F834 /* PBXTargetDependency */,
			);
			name = D3JsonTests;
			productName = D3JsonTests;
			productReference = 16D642AE1B8D9EB700C6F834 /* D3JsonTests.xctest */;
			productType = "com.apple.product-type.bundle.unit-test";
		};
/* End PBXNativeTarget section */

/* Begin PBXProject section */
		16D642911B8D9EB700C6F834 /* Project object */ = {
			isa = PBXProject;
			attributes = {
				LastSwiftUpdateCheck = 0700;
				LastUpgradeCheck = 0640;
				ORGANIZATIONNAME = d3;
				TargetAttributes = {
					16D642981B8D9EB700C6F834 = {
						CreatedOnToolsVersion = 6.4;
					};
					16D642AD1B8D9EB700C6F834 = {
						CreatedOnToolsVersion = 6.4;
						TestTargetID = 16D642981B8D9EB700C6F834;
					};
				};
			};
			buildConfigurationList = 16D642941B8D9EB700C6F834 /* Build configuration list for PBXProject "D3Json" */;
			compatibilityVersion = "Xcode 3.2";
			developmentRegion = English;
			hasScannedForEncodings = 0;
			knownRegions = (
				en,
				Base,
			);
			mainGroup = 16D642901B8D9EB700C6F834;
			productRefGroup = 16D6429A1B8D9EB700C6F834 /* Products */;
			projectDirPath = "";
			projectRoot = "";
			targets = (
				16D642981B8D9EB700C6F834 /* D3Json */,
				16D642AD1B8D9EB700C6F834 /* D3JsonTests */,
			);
		};
/* End PBXProject section */

/* Begin PBXResourcesBuildPhase section */
		16D642971B8D9EB700C6F834 /* Resources */ = {
			isa = PBXResourcesBuildPhase;
			buildActionMask = 2147483647;
			files = (
				16D642A41B8D9EB700C6F834 /* Main.storyboard in Resources */,
				16D642A91B8D9EB700C6F834 /* LaunchScreen.xib in Resources */,
			);
			runOnlyForDeploymentPostprocessing = 0;
		};
		16D642AC1B8D9EB700C6F834 /* Resources */ = {
			isa = PBXResourcesBuildPhase;
			buildActionMask = 2147483647;
			files = (
			);
			runOnlyForDeploymentPostprocessing = 0;
		};
/* End PBXResourcesBuildPhase section */

/* Begin PBXSourcesBuildPhase section */
		16D642951B8D9EB700C6F834 /* Sources */ = {
			isa = PBXSourcesBuildPhase;
			buildActionMask = 2147483647;
			files = (
				A5F5E54D1BB449F00079FEB5 /* ObjectUtil.m in Sources */,
				16D642BF1B8D9EF500C6F834 /* D3Json.swift in Sources */,
				16D642A11B8D9EB700C6F834 /* ViewController.swift in Sources */,
				16D6429F1B8D9EB700C6F834 /* AppDelegate.swift in Sources */,
			);
			runOnlyForDeploymentPostprocessing = 0;
		};
		16D642AA1B8D9EB700C6F834 /* Sources */ = {
			isa = PBXSourcesBuildPhase;
			buildActionMask = 2147483647;
			files = (
				16D642B51B8D9EB700C6F834 /* D3JsonTests.swift in Sources */,
			);
			runOnlyForDeploymentPostprocessing = 0;
		};
/* End PBXSourcesBuildPhase section */

/* Begin PBXTargetDependency section */
		16D642B01B8D9EB700C6F834 /* PBXTargetDependency */ = {
			isa = PBXTargetDependency;
			target = 16D642981B8D9EB700C6F834 /* D3Json */;
			targetProxy = 16D642AF1B8D9EB700C6F834 /* PBXContainerItemProxy */;
		};
/* End PBXTargetDependency section */

/* Begin PBXVariantGroup section */
		16D642A21B8D9EB700C6F834 /* Main.storyboard */ = {
			isa = PBXVariantGroup;
			children = (
				16D642A31B8D9EB700C6F834 /* Base */,
			);
			name = Main.storyboard;
			sourceTree = "<group>";
		};
		16D642A71B8D9EB700C6F834 /* LaunchScreen.xib */ = {
			isa = PBXVariantGroup;
			children = (
				16D642A81B8D9EB700C6F834 /* Base */,
			);
			name = LaunchScreen.xib;
			sourceTree = "<group>";
		};
/* End PBXVariantGroup section */

/* Begin XCBuildConfiguration section */
		16D642B61B8D9EB700C6F834 /* Debug */ = {
			isa = XCBuildConfiguration;
			buildSettings = {
				ALWAYS_SEARCH_USER_PATHS = NO;
				CLANG_CXX_LANGUAGE_STANDARD = "gnu++0x";
				CLANG_CXX_LIBRARY = "libc++";
				CLANG_ENABLE_MODULES = YES;
				CLANG_ENABLE_OBJC_ARC = YES;
				CLANG_WARN_BOOL_CONVERSION = YES;
				CLANG_WARN_CONSTANT_CONVERSION = YES;
				CLANG_WARN_DIRECT_OBJC_ISA_USAGE = YES_ERROR;
				CLANG_WARN_EMPTY_BODY = YES;
				CLANG_WARN_ENUM_CONVERSION = YES;
				CLANG_WARN_INT_CONVERSION = YES;
				CLANG_WARN_OBJC_ROOT_CLASS = YES_ERROR;
				CLANG_WARN_UNREACHABLE_CODE = YES;
				CLANG_WARN__DUPLICATE_METHOD_MATCH = YES;
				"CODE_SIGN_IDENTITY[sdk=iphoneos*]" = "iPhone Developer";
				COPY_PHASE_STRIP = NO;
				DEBUG_INFORMATION_FORMAT = "dwarf-with-dsym";
				ENABLE_STRICT_OBJC_MSGSEND = YES;
				GCC_C_LANGUAGE_STANDARD = gnu99;
				GCC_DYNAMIC_NO_PIC = NO;
				GCC_NO_COMMON_BLOCKS = YES;
				GCC_OPTIMIZATION_LEVEL = 0;
				GCC_PREPROCESSOR_DEFINITIONS = (
					"DEBUG=1",
					"$(inherited)",
				);
				GCC_SYMBOLS_PRIVATE_EXTERN = NO;
				GCC_WARN_64_TO_32_BIT_CONVERSION = YES;
				GCC_WARN_ABOUT_RETURN_TYPE = YES_ERROR;
				GCC_WARN_UNDECLARED_SELECTOR = YES;
				GCC_WARN_UNINITIALIZED_AUTOS = YES_AGGRESSIVE;
				GCC_WARN_UNUSED_FUNCTION = YES;
				GCC_WARN_UNUSED_VARIABLE = YES;
				IPHONEOS_DEPLOYMENT_TARGET = 8.4;
				MTL_ENABLE_DEBUG_INFO = YES;
				ONLY_ACTIVE_ARCH = YES;
				SDKROOT = iphoneos;
				SWIFT_OPTIMIZATION_LEVEL = "-Onone";
			};
			name = Debug;
		};
		16D642B71B8D9EB700C6F834 /* Release */ = {
			isa = XCBuildConfiguration;
			buildSettings = {
				ALWAYS_SEARCH_USER_PATHS = NO;
				CLANG_CXX_LANGUAGE_STANDARD = "gnu++0x";
				CLANG_CXX_LIBRARY = "libc++";
				CLANG_ENABLE_MODULES = YES;
				CLANG_ENABLE_OBJC_ARC = YES;
				CLANG_WARN_BOOL_CONVERSION = YES;
				CLANG_WARN_CONSTANT_CONVERSION = YES;
				CLANG_WARN_DIRECT_OBJC_ISA_USAGE = YES_ERROR;
				CLANG_WARN_EMPTY_BODY = YES;
				CLANG_WARN_ENUM_CONVERSION = YES;
				CLANG_WARN_INT_CONVERSION = YES;
				CLANG_WARN_OBJC_ROOT_CLASS = YES_ERROR;
				CLANG_WARN_UNREACHABLE_CODE = YES;
				CLANG_WARN__DUPLICATE_METHOD_MATCH = YES;
				"CODE_SIGN_IDENTITY[sdk=iphoneos*]" = "iPhone Developer";
				COPY_PHASE_STRIP = NO;
				DEBUG_INFORMATION_FORMAT = "dwarf-with-dsym";
				ENABLE_NS_ASSERTIONS = NO;
				ENABLE_STRICT_OBJC_MSGSEND = YES;
				GCC_C_LANGUAGE_STANDARD = gnu99;
				GCC_NO_COMMON_BLOCKS = YES;
				GCC_WARN_64_TO_32_BIT_CONVERSION = YES;
				GCC_WARN_ABOUT_RETURN_TYPE = YES_ERROR;
				GCC_WARN_UNDECLARED_SELECTOR = YES;
				GCC_WARN_UNINITIALIZED_AUTOS = YES_AGGRESSIVE;
				GCC_WARN_UNUSED_FUNCTION = YES;
				GCC_WARN_UNUSED_VARIABLE = YES;
				IPHONEOS_DEPLOYMENT_TARGET = 8.4;
				MTL_ENABLE_DEBUG_INFO = NO;
				SDKROOT = iphoneos;
				VALIDATE_PRODUCT = YES;
			};
			name = Release;
		};
		16D642B91B8D9EB700C6F834 /* Debug */ = {
			isa = XCBuildConfiguration;
			buildSettings = {
				ASSETCATALOG_COMPILER_APPICON_NAME = AppIcon;
				CLANG_ENABLE_MODULES = YES;
				INFOPLIST_FILE = D3Json/Info.plist;
				IPHONEOS_DEPLOYMENT_TARGET = 7.0;
				LD_RUNPATH_SEARCH_PATHS = "$(inherited) @executable_path/Frameworks";
				PRODUCT_NAME = "$(TARGET_NAME)";
				SWIFT_OBJC_BRIDGING_HEADER = "D3Json/D3Json-Bridging-Header.h";
				SWIFT_OPTIMIZATION_LEVEL = "-Onone";
			};
			name = Debug;
		};
		16D642BA1B8D9EB700C6F834 /* Release */ = {
			isa = XCBuildConfiguration;
			buildSettings = {
				ASSETCATALOG_COMPILER_APPICON_NAME = AppIcon;
				CLANG_ENABLE_MODULES = YES;
				INFOPLIST_FILE = D3Json/Info.plist;
				IPHONEOS_DEPLOYMENT_TARGET = 7.0;
				LD_RUNPATH_SEARCH_PATHS = "$(inherited) @executable_path/Frameworks";
				PRODUCT_NAME = "$(TARGET_NAME)";
				SWIFT_OBJC_BRIDGING_HEADER = "D3Json/D3Json-Bridging-Header.h";
			};
			name = Release;
		};
		16D642BC1B8D9EB700C6F834 /* Debug */ = {
			isa = XCBuildConfiguration;
			buildSettings = {
				BUNDLE_LOADER = "$(TEST_HOST)";
				FRAMEWORK_SEARCH_PATHS = (
					"$(SDKROOT)/Developer/Library/Frameworks",
					"$(inherited)",
				);
				GCC_PREPROCESSOR_DEFINITIONS = (
					"DEBUG=1",
					"$(inherited)",
				);
				INFOPLIST_FILE = D3JsonTests/Info.plist;
				LD_RUNPATH_SEARCH_PATHS = "$(inherited) @executable_path/Frameworks @loader_path/Frameworks";
				PRODUCT_NAME = "$(TARGET_NAME)";
				TEST_HOST = "$(BUILT_PRODUCTS_DIR)/D3Json.app/D3Json";
			};
			name = Debug;
		};
		16D642BD1B8D9EB700C6F834 /* Release */ = {
			isa = XCBuildConfiguration;
			buildSettings = {
				BUNDLE_LOADER = "$(TEST_HOST)";
				FRAMEWORK_SEARCH_PATHS = (
					"$(SDKROOT)/Developer/Library/Frameworks",
					"$(inherited)",
				);
				INFOPLIST_FILE = D3JsonTests/Info.plist;
				LD_RUNPATH_SEARCH_PATHS = "$(inherited) @executable_path/Frameworks @loader_path/Frameworks";
				PRODUCT_NAME = "$(TARGET_NAME)";
				TEST_HOST = "$(BUILT_PRODUCTS_DIR)/D3Json.app/D3Json";
			};
			name = Release;
		};
/* End XCBuildConfiguration section */

/* Begin XCConfigurationList section */
		16D642941B8D9EB700C6F834 /* Build configuration list for PBXProject "D3Json" */ = {
			isa = XCConfigurationList;
			buildConfigurations = (
				16D642B61B8D9EB700C6F834 /* Debug */,
				16D642B71B8D9EB700C6F834 /* Release */,
			);
			defaultConfigurationIsVisible = 0;
			defaultConfigurationName = Release;
		};
		16D642B81B8D9EB700C6F834 /* Build configuration list for PBXNativeTarget "D3Json" */ = {
			isa = XCConfigurationList;
			buildConfigurations = (
				16D642B91B8D9EB700C6F834 /* Debug */,
				16D642BA1B8D9EB700C6F834 /* Release */,
			);
			defaultConfigurationIsVisible = 0;
			defaultConfigurationName = Release;
		};
		16D642BB1B8D9EB700C6F834 /* Build configuration list for PBXNativeTarget "D3JsonTests" */ = {
			isa = XCConfigurationList;
			buildConfigurations = (
				16D642BC1B8D9EB700C6F834 /* Debug */,
				16D642BD1B8D9EB700C6F834 /* Release */,
			);
			defaultConfigurationIsVisible = 0;
			defaultConfigurationName = Release;
		};
/* End XCConfigurationList section */
	};
	rootObject = 16D642911B8D9EB700C6F834 /* Project object */;
}
